// !$*UTF8*$!
{
	archiveVersion = 1;
	classes = {
	};
	objectVersion = 55;
	objects = {

/* Begin PBXBuildFile section */
		668603032894C256004D61CD /* Tests_iOS.swift in Sources */ = {isa = PBXBuildFile; fileRef = 668603022894C256004D61CD /* Tests_iOS.swift */; };
		668603052894C256004D61CD /* Tests_iOSLaunchTests.swift in Sources */ = {isa = PBXBuildFile; fileRef = 668603042894C256004D61CD /* Tests_iOSLaunchTests.swift */; };
		6686030F2894C256004D61CD /* Tests_macOS.swift in Sources */ = {isa = PBXBuildFile; fileRef = 6686030E2894C256004D61CD /* Tests_macOS.swift */; };
		668603112894C256004D61CD /* Tests_macOSLaunchTests.swift in Sources */ = {isa = PBXBuildFile; fileRef = 668603102894C256004D61CD /* Tests_macOSLaunchTests.swift */; };
		668603122894C256004D61CD /* JanetApp.swift in Sources */ = {isa = PBXBuildFile; fileRef = 668602EA2894C254004D61CD /* JanetApp.swift */; };
		668603132894C256004D61CD /* JanetApp.swift in Sources */ = {isa = PBXBuildFile; fileRef = 668602EA2894C254004D61CD /* JanetApp.swift */; };
		668603142894C256004D61CD /* ContentView.swift in Sources */ = {isa = PBXBuildFile; fileRef = 668602EB2894C254004D61CD /* ContentView.swift */; };
		668603152894C256004D61CD /* ContentView.swift in Sources */ = {isa = PBXBuildFile; fileRef = 668602EB2894C254004D61CD /* ContentView.swift */; };
		668603162894C256004D61CD /* Assets.xcassets in Resources */ = {isa = PBXBuildFile; fileRef = 668602EC2894C256004D61CD /* Assets.xcassets */; };
		668603172894C256004D61CD /* Assets.xcassets in Resources */ = {isa = PBXBuildFile; fileRef = 668602EC2894C256004D61CD /* Assets.xcassets */; };
/* End PBXBuildFile section */

/* Begin PBXContainerItemProxy section */
		668602FF2894C256004D61CD /* PBXContainerItemProxy */ = {
			isa = PBXContainerItemProxy;
			containerPortal = 668602E52894C254004D61CD /* Project object */;
			proxyType = 1;
			remoteGlobalIDString = 668602F02894C256004D61CD;
			remoteInfo = "Janet (iOS)";
		};
		6686030B2894C256004D61CD /* PBXContainerItemProxy */ = {
			isa = PBXContainerItemProxy;
			containerPortal = 668602E52894C254004D61CD /* Project object */;
			proxyType = 1;
			remoteGlobalIDString = 668602F62894C256004D61CD;
			remoteInfo = "Janet (macOS)";
		};
/* End PBXContainerItemProxy section */

/* Begin PBXFileReference section */
		668602EA2894C254004D61CD /* JanetApp.swift */ = {isa = PBXFileReference; lastKnownFileType = sourcecode.swift; path = JanetApp.swift; sourceTree = "<group>"; };
		668602EB2894C254004D61CD /* ContentView.swift */ = {isa = PBXFileReference; lastKnownFileType = sourcecode.swift; path = ContentView.swift; sourceTree = "<group>"; };
		668602EC2894C256004D61CD /* Assets.xcassets */ = {isa = PBXFileReference; lastKnownFileType = folder.assetcatalog; path = Assets.xcassets; sourceTree = "<group>"; };
		668602F12894C256004D61CD /* Janet.app */ = {isa = PBXFileReference; explicitFileType = wrapper.application; includeInIndex = 0; path = Janet.app; sourceTree = BUILT_PRODUCTS_DIR; };
		668602F72894C256004D61CD /* Janet.app */ = {isa = PBXFileReference; explicitFileType = wrapper.application; includeInIndex = 0; path = Janet.app; sourceTree = BUILT_PRODUCTS_DIR; };
		668602F92894C256004D61CD /* macOS.entitlements */ = {isa = PBXFileReference; lastKnownFileType = text.plist.entitlements; path = macOS.entitlements; sourceTree = "<group>"; };
		668602FE2894C256004D61CD /* Tests iOS.xctest */ = {isa = PBXFileReference; explicitFileType = wrapper.cfbundle; includeInIndex = 0; path = "Tests iOS.xctest"; sourceTree = BUILT_PRODUCTS_DIR; };
		668603022894C256004D61CD /* Tests_iOS.swift */ = {isa = PBXFileReference; lastKnownFileType = sourcecode.swift; path = Tests_iOS.swift; sourceTree = "<group>"; };
		668603042894C256004D61CD /* Tests_iOSLaunchTests.swift */ = {isa = PBXFileReference; lastKnownFileType = sourcecode.swift; path = Tests_iOSLaunchTests.swift; sourceTree = "<group>"; };
		6686030A2894C256004D61CD /* Tests macOS.xctest */ = {isa = PBXFileReference; explicitFileType = wrapper.cfbundle; includeInIndex = 0; path = "Tests macOS.xctest"; sourceTree = BUILT_PRODUCTS_DIR; };
		6686030E2894C256004D61CD /* Tests_macOS.swift */ = {isa = PBXFileReference; lastKnownFileType = sourcecode.swift; path = Tests_macOS.swift; sourceTree = "<group>"; };
		668603102894C256004D61CD /* Tests_macOSLaunchTests.swift */ = {isa = PBXFileReference; lastKnownFileType = sourcecode.swift; path = Tests_macOSLaunchTests.swift; sourceTree = "<group>"; };
/* End PBXFileReference section */

/* Begin PBXFrameworksBuildPhase section */
		668602EE2894C256004D61CD /* Frameworks */ = {
			isa = PBXFrameworksBuildPhase;
			buildActionMask = 2147483647;
			files = (
			);
			runOnlyForDeploymentPostprocessing = 0;
		};
		668602F42894C256004D61CD /* Frameworks */ = {
			isa = PBXFrameworksBuildPhase;
			buildActionMask = 2147483647;
			files = (
			);
			runOnlyForDeploymentPostprocessing = 0;
		};
		668602FB2894C256004D61CD /* Frameworks */ = {
			isa = PBXFrameworksBuildPhase;
			buildActionMask = 2147483647;
			files = (
			);
			runOnlyForDeploymentPostprocessing = 0;
		};
		668603072894C256004D61CD /* Frameworks */ = {
			isa = PBXFrameworksBuildPhase;
			buildActionMask = 2147483647;
			files = (
			);
			runOnlyForDeploymentPostprocessing = 0;
		};
/* End PBXFrameworksBuildPhase section */

/* Begin PBXGroup section */
		668602E42894C254004D61CD = {
			isa = PBXGroup;
			children = (
				668602E92894C254004D61CD /* Shared */,
				668602F82894C256004D61CD /* macOS */,
				668603012894C256004D61CD /* Tests iOS */,
				6686030D2894C256004D61CD /* Tests macOS */,
				668602F22894C256004D61CD /* Products */,
			);
			sourceTree = "<group>";
		};
		668602E92894C254004D61CD /* Shared */ = {
			isa = PBXGroup;
			children = (
				668602EA2894C254004D61CD /* JanetApp.swift */,
				668602EB2894C254004D61CD /* ContentView.swift */,
				668602EC2894C256004D61CD /* Assets.xcassets */,
			);
			path = Shared;
			sourceTree = "<group>";
		};
		668602F22894C256004D61CD /* Products */ = {
			isa = PBXGroup;
			children = (
				668602F12894C256004D61CD /* Janet.app */,
				668602F72894C256004D61CD /* Janet.app */,
				668602FE2894C256004D61CD /* Tests iOS.xctest */,
				6686030A2894C256004D61CD /* Tests macOS.xctest */,
			);
			name = Products;
			sourceTree = "<group>";
		};
		668602F82894C256004D61CD /* macOS */ = {
			isa = PBXGroup;
			children = (
				668602F92894C256004D61CD /* macOS.entitlements */,
			);
			path = macOS;
			sourceTree = "<group>";
		};
		668603012894C256004D61CD /* Tests iOS */ = {
			isa = PBXGroup;
			children = (
				668603022894C256004D61CD /* Tests_iOS.swift */,
				668603042894C256004D61CD /* Tests_iOSLaunchTests.swift */,
			);
			path = "Tests iOS";
			sourceTree = "<group>";
		};
		6686030D2894C256004D61CD /* Tests macOS */ = {
			isa = PBXGroup;
			children = (
				6686030E2894C256004D61CD /* Tests_macOS.swift */,
				668603102894C256004D61CD /* Tests_macOSLaunchTests.swift */,
			);
			path = "Tests macOS";
			sourceTree = "<group>";
		};
/* End PBXGroup section */

/* Begin PBXNativeTarget section */
		668602F02894C256004D61CD /* Janet (iOS) */ = {
			isa = PBXNativeTarget;
			buildConfigurationList = 6686031A2894C256004D61CD /* Build configuration list for PBXNativeTarget "Janet (iOS)" */;
			buildPhases = (
				668602ED2894C256004D61CD /* Sources */,
				668602EE2894C256004D61CD /* Frameworks */,
				668602EF2894C256004D61CD /* Resources */,
			);
			buildRules = (
			);
			dependencies = (
			);
			name = "Janet (iOS)";
			productName = "Janet (iOS)";
			productReference = 668602F12894C256004D61CD /* Janet.app */;
			productType = "com.apple.product-type.application";
		};
		668602F62894C256004D61CD /* Janet (macOS) */ = {
			isa = PBXNativeTarget;
			buildConfigurationList = 6686031D2894C256004D61CD /* Build configuration list for PBXNativeTarget "Janet (macOS)" */;
			buildPhases = (
				668602F32894C256004D61CD /* Sources */,
				668602F42894C256004D61CD /* Frameworks */,
				668602F52894C256004D61CD /* Resources */,
			);
			buildRules = (
			);
			dependencies = (
			);
			name = "Janet (macOS)";
			productName = "Janet (macOS)";
			productReference = 668602F72894C256004D61CD /* Janet.app */;
			productType = "com.apple.product-type.application";
		};
		668602FD2894C256004D61CD /* Tests iOS */ = {
			isa = PBXNativeTarget;
			buildConfigurationList = 668603202894C256004D61CD /* Build configuration list for PBXNativeTarget "Tests iOS" */;
			buildPhases = (
				668602FA2894C256004D61CD /* Sources */,
				668602FB2894C256004D61CD /* Frameworks */,
				668602FC2894C256004D61CD /* Resources */,
			);
			buildRules = (
			);
			dependencies = (
				668603002894C256004D61CD /* PBXTargetDependency */,
			);
			name = "Tests iOS";
			productName = "Tests iOS";
			productReference = 668602FE2894C256004D61CD /* Tests iOS.xctest */;
			productType = "com.apple.product-type.bundle.ui-testing";
		};
		668603092894C256004D61CD /* Tests macOS */ = {
			isa = PBXNativeTarget;
			buildConfigurationList = 668603232894C256004D61CD /* Build configuration list for PBXNativeTarget "Tests macOS" */;
			buildPhases = (
				668603062894C256004D61CD /* Sources */,
				668603072894C256004D61CD /* Frameworks */,
				668603082894C256004D61CD /* Resources */,
			);
			buildRules = (
			);
			dependencies = (
				6686030C2894C256004D61CD /* PBXTargetDependency */,
			);
			name = "Tests macOS";
			productName = "Tests macOS";
			productReference = 6686030A2894C256004D61CD /* Tests macOS.xctest */;
			productType = "com.apple.product-type.bundle.ui-testing";
		};
/* End PBXNativeTarget section */

/* Begin PBXProject section */
		668602E52894C254004D61CD /* Project object */ = {
			isa = PBXProject;
			attributes = {
				BuildIndependentTargetsInParallel = 1;
				LastSwiftUpdateCheck = 1340;
				LastUpgradeCheck = 1340;
				TargetAttributes = {
					668602F02894C256004D61CD = {
						CreatedOnToolsVersion = 13.4.1;
					};
					668602F62894C256004D61CD = {
						CreatedOnToolsVersion = 13.4.1;
					};
					668602FD2894C256004D61CD = {
						CreatedOnToolsVersion = 13.4.1;
						TestTargetID = 668602F02894C256004D61CD;
					};
					668603092894C256004D61CD = {
						CreatedOnToolsVersion = 13.4.1;
						TestTargetID = 668602F62894C256004D61CD;
					};
				};
			};
			buildConfigurationList = 668602E82894C254004D61CD /* Build configuration list for PBXProject "Janet" */;
			compatibilityVersion = "Xcode 13.0";
			developmentRegion = en;
			hasScannedForEncodings = 0;
			knownRegions = (
				en,
				Base,
			);
			mainGroup = 668602E42894C254004D61CD;
			productRefGroup = 668602F22894C256004D61CD /* Products */;
			projectDirPath = "";
			projectRoot = "";
			targets = (
				668602F02894C256004D61CD /* Janet (iOS) */,
				668602F62894C256004D61CD /* Janet (macOS) */,
				668602FD2894C256004D61CD /* Tests iOS */,
				668603092894C256004D61CD /* Tests macOS */,
			);
		};
/* End PBXProject section */

/* Begin PBXResourcesBuildPhase section */
		668602EF2894C256004D61CD /* Resources */ = {
			isa = PBXResourcesBuildPhase;
			buildActionMask = 2147483647;
			files = (
				668603162894C256004D61CD /* Assets.xcassets in Resources */,
			);
			runOnlyForDeploymentPostprocessing = 0;
		};
		668602F52894C256004D61CD /* Resources */ = {
			isa = PBXResourcesBuildPhase;
			buildActionMask = 2147483647;
			files = (
				668603172894C256004D61CD /* Assets.xcassets in Resources */,
			);
			runOnlyForDeploymentPostprocessing = 0;
		};
		668602FC2894C256004D61CD /* Resources */ = {
			isa = PBXResourcesBuildPhase;
			buildActionMask = 2147483647;
			files = (
			);
			runOnlyForDeploymentPostprocessing = 0;
		};
		668603082894C256004D61CD /* Resources */ = {
			isa = PBXResourcesBuildPhase;
			buildActionMask = 2147483647;
			files = (
			);
			runOnlyForDeploymentPostprocessing = 0;
		};
/* End PBXResourcesBuildPhase section */

/* Begin PBXSourcesBuildPhase section */
		668602ED2894C256004D61CD /* Sources */ = {
			isa = PBXSourcesBuildPhase;
			buildActionMask = 2147483647;
			files = (
				668603142894C256004D61CD /* ContentView.swift in Sources */,
				668603122894C256004D61CD /* JanetApp.swift in Sources */,
			);
			runOnlyForDeploymentPostprocessing = 0;
		};
		668602F32894C256004D61CD /* Sources */ = {
			isa = PBXSourcesBuildPhase;
			buildActionMask = 2147483647;
			files = (
				668603152894C256004D61CD /* ContentView.swift in Sources */,
				668603132894C256004D61CD /* JanetApp.swift in Sources */,
			);
			runOnlyForDeploymentPostprocessing = 0;
		};
		668602FA2894C256004D61CD /* Sources */ = {
			isa = PBXSourcesBuildPhase;
			buildActionMask = 2147483647;
			files = (
				668603052894C256004D61CD /* Tests_iOSLaunchTests.swift in Sources */,
				668603032894C256004D61CD /* Tests_iOS.swift in Sources */,
			);
			runOnlyForDeploymentPostprocessing = 0;
		};
		668603062894C256004D61CD /* Sources */ = {
			isa = PBXSourcesBuildPhase;
			buildActionMask = 2147483647;
			files = (
				668603112894C256004D61CD /* Tests_macOSLaunchTests.swift in Sources */,
				6686030F2894C256004D61CD /* Tests_macOS.swift in Sources */,
			);
			runOnlyForDeploymentPostprocessing = 0;
		};
/* End PBXSourcesBuildPhase section */

/* Begin PBXTargetDependency section */
		668603002894C256004D61CD /* PBXTargetDependency */ = {
			isa = PBXTargetDependency;
			target = 668602F02894C256004D61CD /* Janet (iOS) */;
			targetProxy = 668602FF2894C256004D61CD /* PBXContainerItemProxy */;
		};
		6686030C2894C256004D61CD /* PBXTargetDependency */ = {
			isa = PBXTargetDependency;
			target = 668602F62894C256004D61CD /* Janet (macOS) */;
			targetProxy = 6686030B2894C256004D61CD /* PBXContainerItemProxy */;
		};
/* End PBXTargetDependency section */

/* Begin XCBuildConfiguration section */
		668603182894C256004D61CD /* Debug */ = {
			isa = XCBuildConfiguration;
			buildSettings = {
				ALWAYS_SEARCH_USER_PATHS = NO;
				CLANG_ANALYZER_NONNULL = YES;
				CLANG_ANALYZER_NUMBER_OBJECT_CONVERSION = YES_AGGRESSIVE;
				CLANG_CXX_LANGUAGE_STANDARD = "gnu++17";
				CLANG_ENABLE_MODULES = YES;
				CLANG_ENABLE_OBJC_ARC = YES;
				CLANG_ENABLE_OBJC_WEAK = YES;
				CLANG_WARN_BLOCK_CAPTURE_AUTORELEASING = YES;
				CLANG_WARN_BOOL_CONVERSION = YES;
				CLANG_WARN_COMMA = YES;
				CLANG_WARN_CONSTANT_CONVERSION = YES;
				CLANG_WARN_DEPRECATED_OBJC_IMPLEMENTATIONS = YES;
				CLANG_WARN_DIRECT_OBJC_ISA_USAGE = YES_ERROR;
				CLANG_WARN_DOCUMENTATION_COMMENTS = YES;
				CLANG_WARN_EMPTY_BODY = YES;
				CLANG_WARN_ENUM_CONVERSION = YES;
				CLANG_WARN_INFINITE_RECURSION = YES;
				CLANG_WARN_INT_CONVERSION = YES;
				CLANG_WARN_NON_LITERAL_NULL_CONVERSION = YES;
				CLANG_WARN_OBJC_IMPLICIT_RETAIN_SELF = YES;
				CLANG_WARN_OBJC_LITERAL_CONVERSION = YES;
				CLANG_WARN_OBJC_ROOT_CLASS = YES_ERROR;
				CLANG_WARN_QUOTED_INCLUDE_IN_FRAMEWORK_HEADER = YES;
				CLANG_WARN_RANGE_LOOP_ANALYSIS = YES;
				CLANG_WARN_STRICT_PROTOTYPES = YES;
				CLANG_WARN_SUSPICIOUS_MOVE = YES;
				CLANG_WARN_UNGUARDED_AVAILABILITY = YES_AGGRESSIVE;
				CLANG_WARN_UNREACHABLE_CODE = YES;
				CLANG_WARN__DUPLICATE_METHOD_MATCH = YES;
				COPY_PHASE_STRIP = NO;
				DEBUG_INFORMATION_FORMAT = dwarf;
				ENABLE_STRICT_OBJC_MSGSEND = YES;
				ENABLE_TESTABILITY = YES;
				GCC_C_LANGUAGE_STANDARD = gnu11;
				GCC_DYNAMIC_NO_PIC = NO;
				GCC_NO_COMMON_BLOCKS = YES;
				GCC_OPTIMIZATION_LEVEL = 0;
				GCC_PREPROCESSOR_DEFINITIONS = (
					"DEBUG=1",
					"$(inherited)",
				);
				GCC_WARN_64_TO_32_BIT_CONVERSION = YES;
				GCC_WARN_ABOUT_RETURN_TYPE = YES_ERROR;
				GCC_WARN_UNDECLARED_SELECTOR = YES;
				GCC_WARN_UNINITIALIZED_AUTOS = YES_AGGRESSIVE;
				GCC_WARN_UNUSED_FUNCTION = YES;
				GCC_WARN_UNUSED_VARIABLE = YES;
				MTL_ENABLE_DEBUG_INFO = INCLUDE_SOURCE;
				MTL_FAST_MATH = YES;
				ONLY_ACTIVE_ARCH = YES;
				SWIFT_ACTIVE_COMPILATION_CONDITIONS = DEBUG;
				SWIFT_OPTIMIZATION_LEVEL = "-Onone";
			};
			name = Debug;
		};
		668603192894C256004D61CD /* Release */ = {
			isa = XCBuildConfiguration;
			buildSettings = {
				ALWAYS_SEARCH_USER_PATHS = NO;
				CLANG_ANALYZER_NONNULL = YES;
				CLANG_ANALYZER_NUMBER_OBJECT_CONVERSION = YES_AGGRESSIVE;
				CLANG_CXX_LANGUAGE_STANDARD = "gnu++17";
				CLANG_ENABLE_MODULES = YES;
				CLANG_ENABLE_OBJC_ARC = YES;
				CLANG_ENABLE_OBJC_WEAK = YES;
				CLANG_WARN_BLOCK_CAPTURE_AUTORELEASING = YES;
				CLANG_WARN_BOOL_CONVERSION = YES;
				CLANG_WARN_COMMA = YES;
				CLANG_WARN_CONSTANT_CONVERSION = YES;
				CLANG_WARN_DEPRECATED_OBJC_IMPLEMENTATIONS = YES;
				CLANG_WARN_DIRECT_OBJC_ISA_USAGE = YES_ERROR;
				CLANG_WARN_DOCUMENTATION_COMMENTS = YES;
				CLANG_WARN_EMPTY_BODY = YES;
				CLANG_WARN_ENUM_CONVERSION = YES;
				CLANG_WARN_INFINITE_RECURSION = YES;
				CLANG_WARN_INT_CONVERSION = YES;
				CLANG_WARN_NON_LITERAL_NULL_CONVERSION = YES;
				CLANG_WARN_OBJC_IMPLICIT_RETAIN_SELF = YES;
				CLANG_WARN_OBJC_LITERAL_CONVERSION = YES;
				CLANG_WARN_OBJC_ROOT_CLASS = YES_ERROR;
				CLANG_WARN_QUOTED_INCLUDE_IN_FRAMEWORK_HEADER = YES;
				CLANG_WARN_RANGE_LOOP_ANALYSIS = YES;
				CLANG_WARN_STRICT_PROTOTYPES = YES;
				CLANG_WARN_SUSPICIOUS_MOVE = YES;
				CLANG_WARN_UNGUARDED_AVAILABILITY = YES_AGGRESSIVE;
				CLANG_WARN_UNREACHABLE_CODE = YES;
				CLANG_WARN__DUPLICATE_METHOD_MATCH = YES;
				COPY_PHASE_STRIP = NO;
				DEBUG_INFORMATION_FORMAT = "dwarf-with-dsym";
				ENABLE_NS_ASSERTIONS = NO;
				ENABLE_STRICT_OBJC_MSGSEND = YES;
				GCC_C_LANGUAGE_STANDARD = gnu11;
				GCC_NO_COMMON_BLOCKS = YES;
				GCC_WARN_64_TO_32_BIT_CONVERSION = YES;
				GCC_WARN_ABOUT_RETURN_TYPE = YES_ERROR;
				GCC_WARN_UNDECLARED_SELECTOR = YES;
				GCC_WARN_UNINITIALIZED_AUTOS = YES_AGGRESSIVE;
				GCC_WARN_UNUSED_FUNCTION = YES;
				GCC_WARN_UNUSED_VARIABLE = YES;
				MTL_ENABLE_DEBUG_INFO = NO;
				MTL_FAST_MATH = YES;
				SWIFT_COMPILATION_MODE = wholemodule;
				SWIFT_OPTIMIZATION_LEVEL = "-O";
			};
			name = Release;
		};
		6686031B2894C256004D61CD /* Debug */ = {
			isa = XCBuildConfiguration;
			buildSettings = {
				ASSETCATALOG_COMPILER_APPICON_NAME = AppIcon;
				ASSETCATALOG_COMPILER_GLOBAL_ACCENT_COLOR_NAME = AccentColor;
				CODE_SIGN_STYLE = Automatic;
				CURRENT_PROJECT_VERSION = 1;
				DEVELOPMENT_TEAM = 5P2L88KTNE;
				ENABLE_PREVIEWS = YES;
				GENERATE_INFOPLIST_FILE = YES;
				INFOPLIST_KEY_UIApplicationSceneManifest_Generation = YES;
				INFOPLIST_KEY_UIApplicationSupportsIndirectInputEvents = YES;
				INFOPLIST_KEY_UILaunchScreen_Generation = YES;
				INFOPLIST_KEY_UISupportedInterfaceOrientations_iPad = "UIInterfaceOrientationPortrait UIInterfaceOrientationPortraitUpsideDown UIInterfaceOrientationLandscapeLeft UIInterfaceOrientationLandscapeRight";
				INFOPLIST_KEY_UISupportedInterfaceOrientations_iPhone = "UIInterfaceOrientationPortrait UIInterfaceOrientationLandscapeLeft UIInterfaceOrientationLandscapeRight";
				IPHONEOS_DEPLOYMENT_TARGET = 15.5;
				LD_RUNPATH_SEARCH_PATHS = (
					"$(inherited)",
					"@executable_path/Frameworks",
				);
				MARKETING_VERSION = 1.0;
				PRODUCT_BUNDLE_IDENTIFIER = net.bitcreative.Janet;
				PRODUCT_NAME = Janet;
				SDKROOT = iphoneos;
				SWIFT_EMIT_LOC_STRINGS = YES;
				SWIFT_VERSION = 5.0;
				TARGETED_DEVICE_FAMILY = "1,2";
			};
			name = Debug;
		};
		6686031C2894C256004D61CD /* Release */ = {
			isa = XCBuildConfiguration;
			buildSettings = {
				ASSETCATALOG_COMPILER_APPICON_NAME = AppIcon;
				ASSETCATALOG_COMPILER_GLOBAL_ACCENT_COLOR_NAME = AccentColor;
				CODE_SIGN_STYLE = Automatic;
				CURRENT_PROJECT_VERSION = 1;
				DEVELOPMENT_TEAM = 5P2L88KTNE;
				ENABLE_PREVIEWS = YES;
				GENERATE_INFOPLIST_FILE = YES;
				INFOPLIST_KEY_UIApplicationSceneManifest_Generation = YES;
				INFOPLIST_KEY_UIApplicationSupportsIndirectInputEvents = YES;
				INFOPLIST_KEY_UILaunchScreen_Generation = YES;
				INFOPLIST_KEY_UISupportedInterfaceOrientations_iPad = "UIInterfaceOrientationPortrait UIInterfaceOrientationPortraitUpsideDown UIInterfaceOrientationLandscapeLeft UIInterfaceOrientationLandscapeRight";
				INFOPLIST_KEY_UISupportedInterfaceOrientations_iPhone = "UIInterfaceOrientationPortrait UIInterfaceOrientationLandscapeLeft UIInterfaceOrientationLandscapeRight";
				IPHONEOS_DEPLOYMENT_TARGET = 15.5;
				LD_RUNPATH_SEARCH_PATHS = (
					"$(inherited)",
					"@executable_path/Frameworks",
				);
				MARKETING_VERSION = 1.0;
				PRODUCT_BUNDLE_IDENTIFIER = net.bitcreative.Janet;
				PRODUCT_NAME = Janet;
				SDKROOT = iphoneos;
				SWIFT_EMIT_LOC_STRINGS = YES;
				SWIFT_VERSION = 5.0;
				TARGETED_DEVICE_FAMILY = "1,2";
				VALIDATE_PRODUCT = YES;
			};
			name = Release;
		};
		6686031E2894C256004D61CD /* Debug */ = {
			isa = XCBuildConfiguration;
			buildSettings = {
				ASSETCATALOG_COMPILER_APPICON_NAME = AppIcon;
				ASSETCATALOG_COMPILER_GLOBAL_ACCENT_COLOR_NAME = AccentColor;
				CODE_SIGN_ENTITLEMENTS = macOS/macOS.entitlements;
				CODE_SIGN_STYLE = Automatic;
				COMBINE_HIDPI_IMAGES = YES;
				CURRENT_PROJECT_VERSION = 1;
				DEVELOPMENT_TEAM = 5P2L88KTNE;
				ENABLE_HARDENED_RUNTIME = YES;
				ENABLE_PREVIEWS = YES;
				GENERATE_INFOPLIST_FILE = YES;
				INFOPLIST_KEY_NSHumanReadableCopyright = "";
				LD_RUNPATH_SEARCH_PATHS = (
					"$(inherited)",
					"@executable_path/../Frameworks",
				);
				MACOSX_DEPLOYMENT_TARGET = 12.3;
				MARKETING_VERSION = 1.0;
				PRODUCT_BUNDLE_IDENTIFIER = net.bitcreative.Janet;
				PRODUCT_NAME = Janet;
				SDKROOT = macosx;
				SWIFT_EMIT_LOC_STRINGS = YES;
				SWIFT_VERSION = 5.0;
			};
			name = Debug;
		};
		6686031F2894C256004D61CD /* Release */ = {
			isa = XCBuildConfiguration;
			buildSettings = {
				ASSETCATALOG_COMPILER_APPICON_NAME = AppIcon;
				ASSETCATALOG_COMPILER_GLOBAL_ACCENT_COLOR_NAME = AccentColor;
				CODE_SIGN_ENTITLEMENTS = macOS/macOS.entitlements;
				CODE_SIGN_STYLE = Automatic;
				COMBINE_HIDPI_IMAGES = YES;
				CURRENT_PROJECT_VERSION = 1;
				DEVELOPMENT_TEAM = 5P2L88KTNE;
				ENABLE_HARDENED_RUNTIME = YES;
				ENABLE_PREVIEWS = YES;
				GENERATE_INFOPLIST_FILE = YES;
				INFOPLIST_KEY_NSHumanReadableCopyright = "";
				LD_RUNPATH_SEARCH_PATHS = (
					"$(inherited)",
					"@executable_path/../Frameworks",
				);
				MACOSX_DEPLOYMENT_TARGET = 12.3;
				MARKETING_VERSION = 1.0;
				PRODUCT_BUNDLE_IDENTIFIER = net.bitcreative.Janet;
				PRODUCT_NAME = Janet;
				SDKROOT = macosx;
				SWIFT_EMIT_LOC_STRINGS = YES;
				SWIFT_VERSION = 5.0;
			};
			name = Release;
		};
		668603212894C256004D61CD /* Debug */ = {
			isa = XCBuildConfiguration;
			buildSettings = {
				ALWAYS_EMBED_SWIFT_STANDARD_LIBRARIES = YES;
				CODE_SIGN_STYLE = Automatic;
				CURRENT_PROJECT_VERSION = 1;
				DEVELOPMENT_TEAM = 5P2L88KTNE;
				GENERATE_INFOPLIST_FILE = YES;
				IPHONEOS_DEPLOYMENT_TARGET = 15.5;
				MARKETING_VERSION = 1.0;
				PRODUCT_BUNDLE_IDENTIFIER = "net.bitcreative.Tests-iOS";
				PRODUCT_NAME = "$(TARGET_NAME)";
				SDKROOT = iphoneos;
				SWIFT_EMIT_LOC_STRINGS = NO;
				SWIFT_VERSION = 5.0;
				TARGETED_DEVICE_FAMILY = "1,2";
				TEST_TARGET_NAME = "Janet (iOS)";
			};
			name = Debug;
		};
		668603222894C256004D61CD /* Release */ = {
			isa = XCBuildConfiguration;
			buildSettings = {
				ALWAYS_EMBED_SWIFT_STANDARD_LIBRARIES = YES;
				CODE_SIGN_STYLE = Automatic;
				CURRENT_PROJECT_VERSION = 1;
				DEVELOPMENT_TEAM = 5P2L88KTNE;
				GENERATE_INFOPLIST_FILE = YES;
				IPHONEOS_DEPLOYMENT_TARGET = 15.5;
				MARKETING_VERSION = 1.0;
				PRODUCT_BUNDLE_IDENTIFIER = "net.bitcreative.Tests-iOS";
				PRODUCT_NAME = "$(TARGET_NAME)";
				SDKROOT = iphoneos;
				SWIFT_EMIT_LOC_STRINGS = NO;
				SWIFT_VERSION = 5.0;
				TARGETED_DEVICE_FAMILY = "1,2";
				TEST_TARGET_NAME = "Janet (iOS)";
				VALIDATE_PRODUCT = YES;
			};
			name = Release;
		};
		668603242894C256004D61CD /* Debug */ = {
			isa = XCBuildConfiguration;
			buildSettings = {
				ALWAYS_EMBED_SWIFT_STANDARD_LIBRARIES = YES;
				CODE_SIGN_STYLE = Automatic;
				CURRENT_PROJECT_VERSION = 1;
				DEVELOPMENT_TEAM = 5P2L88KTNE;
				GENERATE_INFOPLIST_FILE = YES;
				MACOSX_DEPLOYMENT_TARGET = 12.3;
				MARKETING_VERSION = 1.0;
				PRODUCT_BUNDLE_IDENTIFIER = "net.bitcreative.Tests-macOS";
				PRODUCT_NAME = "$(TARGET_NAME)";
				SDKROOT = macosx;
				SWIFT_EMIT_LOC_STRINGS = NO;
				SWIFT_VERSION = 5.0;
				TEST_TARGET_NAME = "Janet (macOS)";
			};
			name = Debug;
		};
		668603252894C256004D61CD /* Release */ = {
			isa = XCBuildConfiguration;
			buildSettings = {
				ALWAYS_EMBED_SWIFT_STANDARD_LIBRARIES = YES;
				CODE_SIGN_STYLE = Automatic;
				CURRENT_PROJECT_VERSION = 1;
				DEVELOPMENT_TEAM = 5P2L88KTNE;
				GENERATE_INFOPLIST_FILE = YES;
				MACOSX_DEPLOYMENT_TARGET = 12.3;
				MARKETING_VERSION = 1.0;
				PRODUCT_BUNDLE_IDENTIFIER = "net.bitcreative.Tests-macOS";
				PRODUCT_NAME = "$(TARGET_NAME)";
				SDKROOT = macosx;
				SWIFT_EMIT_LOC_STRINGS = NO;
				SWIFT_VERSION = 5.0;
				TEST_TARGET_NAME = "Janet (macOS)";
			};
			name = Release;
		};
/* End XCBuildConfiguration section */

/* Begin XCConfigurationList section */
		668602E82894C254004D61CD /* Build configuration list for PBXProject "Janet" */ = {
			isa = XCConfigurationList;
			buildConfigurations = (
				668603182894C256004D61CD /* Debug */,
				668603192894C256004D61CD /* Release */,
			);
			defaultConfigurationIsVisible = 0;
			defaultConfigurationName = Release;
		};
		6686031A2894C256004D61CD /* Build configuration list for PBXNativeTarget "Janet (iOS)" */ = {
			isa = XCConfigurationList;
			buildConfigurations = (
				6686031B2894C256004D61CD /* Debug */,
				6686031C2894C256004D61CD /* Release */,
			);
			defaultConfigurationIsVisible = 0;
			defaultConfigurationName = Release;
		};
		6686031D2894C256004D61CD /* Build configuration list for PBXNativeTarget "Janet (macOS)" */ = {
			isa = XCConfigurationList;
			buildConfigurations = (
				6686031E2894C256004D61CD /* Debug */,
				6686031F2894C256004D61CD /* Release */,
			);
			defaultConfigurationIsVisible = 0;
			defaultConfigurationName = Release;
		};
		668603202894C256004D61CD /* Build configuration list for PBXNativeTarget "Tests iOS" */ = {
			isa = XCConfigurationList;
			buildConfigurations = (
				668603212894C256004D61CD /* Debug */,
				668603222894C256004D61CD /* Release */,
			);
			defaultConfigurationIsVisible = 0;
			defaultConfigurationName = Release;
		};
		668603232894C256004D61CD /* Build configuration list for PBXNativeTarget "Tests macOS" */ = {
			isa = XCConfigurationList;
			buildConfigurations = (
				668603242894C256004D61CD /* Debug */,
				668603252894C256004D61CD /* Release */,
			);
			defaultConfigurationIsVisible = 0;
			defaultConfigurationName = Release;
		};
/* End XCConfigurationList section */
	};
	rootObject = 668602E52894C254004D61CD /* Project object */;
}
